
Microsoft Visual Studio Solution File, Format Version 12.00
# Visual Studio Version 17
VisualStudioVersion = 17.10.34928.147
MinimumVisualStudioVersion = 10.0.40219.1
Project("{9A19103F-16F7-4668-BE54-9A1E7A4F7556}") = "SalesPlatform", "SalesPlatform\SalesPlatform.csproj", "{4F933E9A-A553-4024-A4E9-0B73B872AEAD}"
EndProject
Project("{E53339B2-1760-4266-BCC7-CA923CBCF16C}") = "docker-compose", "docker-compose.dcproj", "{0545F2C4-E531-4706-94CC-25FE1AEB5A6E}"
EndProject
Project("{2150E333-8FDC-42A3-9474-1A3956D46DE8}") = "entrypoint-initdb.d", "entrypoint-initdb.d", "{86786482-ABC6-4122-B126-375729971E6A}"
	ProjectSection(SolutionItems) = preProject
		init.sql = init.sql
	EndProjectSection
EndProject
Project("{2150E333-8FDC-42A3-9474-1A3956D46DE8}") = "Solution Items", "Solution Items", "{D53EEC56-F39A-49EF-AF43-AD7DFBD49184}"
	ProjectSection(SolutionItems) = preProject
		.editorconfig = .editorconfig
	EndProjectSection
EndProject
Global
	GlobalSection(SolutionConfigurationPlatforms) = preSolution
		Debug|Any CPU = Debug|Any CPU
		Release|Any CPU = Release|Any CPU
	EndGlobalSection
	GlobalSection(ProjectConfigurationPlatforms) = postSolution
		{4F933E9A-A553-4024-A4E9-0B73B872AEAD}.Debug|Any CPU.ActiveCfg = Debug|Any CPU
		{4F933E9A-A553-4024-A4E9-0B73B872AEAD}.Debug|Any CPU.Build.0 = Debug|Any CPU
		{4F933E9A-A553-4024-A4E9-0B73B872AEAD}.Release|Any CPU.ActiveCfg = Release|Any CPU
		{4F933E9A-A553-4024-A4E9-0B73B872AEAD}.Release|Any CPU.Build.0 = Release|Any CPU
		{0545F2C4-E531-4706-94CC-25FE1AEB5A6E}.Debug|Any CPU.ActiveCfg = Debug|Any CPU
		{0545F2C4-E531-4706-94CC-25FE1AEB5A6E}.Debug|Any CPU.Build.0 = Debug|Any CPU
		{0545F2C4-E531-4706-94CC-25FE1AEB5A6E}.Release|Any CPU.ActiveCfg = Release|Any CPU
		{0545F2C4-E531-4706-94CC-25FE1AEB5A6E}.Release|Any CPU.Build.0 = Release|Any CPU
	EndGlobalSection
	GlobalSection(SolutionProperties) = preSolution
		HideSolutionNode = FALSE
	EndGlobalSection
	GlobalSection(ExtensibilityGlobals) = postSolution
		SolutionGuid = {DA511A7C-664C-44D1-8FF0-EB017BB8E2BB}
	EndGlobalSection
EndGlobal
